
Microsoft Visual Studio Solution File, Format Version 12.00
# Visual Studio Version 17
VisualStudioVersion = 17.8.34408.163
MinimumVisualStudioVersion = 10.0.40219.1
Project("{FAE04EC0-301F-11D3-BF4B-00C04F79EFBC}") = "TDD_Algorithm", "TDD_Algorithm\TDD_Algorithm.csproj", "{8455FAAA-2306-4F3B-952C-DC400B0D81FB}"
EndProject
Global
	GlobalSection(SolutionConfigurationPlatforms) = preSolution
		Debug|Any CPU = Debug|Any CPU
		Release|Any CPU = Release|Any CPU
	EndGlobalSection
	GlobalSection(ProjectConfigurationPlatforms) = postSolution
		{8455FAAA-2306-4F3B-952C-DC400B0D81FB}.Debug|Any CPU.ActiveCfg = Debug|Any CPU
		{8455FAAA-2306-4F3B-952C-DC400B0D81FB}.Debug|Any CPU.Build.0 = Debug|Any CPU
		{8455FAAA-2306-4F3B-952C-DC400B0D81FB}.Release|Any CPU.ActiveCfg = Release|Any CPU
		{8455FAAA-2306-4F3B-952C-DC400B0D81FB}.Release|Any CPU.Build.0 = Release|Any CPU
	EndGlobalSection
	GlobalSection(SolutionProperties) = preSolution
		HideSolutionNode = FALSE
	EndGlobalSection
	GlobalSection(ExtensibilityGlobals) = postSolution
		SolutionGuid = {157380BA-37DA-4D5D-B1A7-277241D0F065}
	EndGlobalSection
EndGlobal
